
Microsoft Visual Studio Solution File, Format Version 12.00
# Visual Studio Version 17
VisualStudioVersion = 17.2.32616.157
MinimumVisualStudioVersion = 10.0.40219.1
Project("{FAE04EC0-301F-11D3-BF4B-00C04F79EFBC}") = "tickat", "tickat\tickat.csproj", "{02B3DC4A-9929-4DAA-87EF-AA1626B7ED60}"
EndProject
Global
	GlobalSection(SolutionConfigurationPlatforms) = preSolution
		Debug|Any CPU = Debug|Any CPU
		Release|Any CPU = Release|Any CPU
	EndGlobalSection
	GlobalSection(ProjectConfigurationPlatforms) = postSolution
		{02B3DC4A-9929-4DAA-87EF-AA1626B7ED60}.Debug|Any CPU.ActiveCfg = Debug|Any CPU
		{02B3DC4A-9929-4DAA-87EF-AA1626B7ED60}.Debug|Any CPU.Build.0 = Debug|Any CPU
		{02B3DC4A-9929-4DAA-87EF-AA1626B7ED60}.Release|Any CPU.ActiveCfg = Release|Any CPU
		{02B3DC4A-9929-4DAA-87EF-AA1626B7ED60}.Release|Any CPU.Build.0 = Release|Any CPU
	EndGlobalSection
	GlobalSection(SolutionProperties) = preSolution
		HideSolutionNode = FALSE
	EndGlobalSection
	GlobalSection(ExtensibilityGlobals) = postSolution
		SolutionGuid = {02270EEC-C92C-48B7-A61D-9D9D6843E6A9}
	EndGlobalSection
EndGlobal
